dependencies:
- name: dex
  repository: https://charts.dexidp.io
  version: 0.19.1
- name: oauth2-proxy
  repository: https://oauth2-proxy.github.io/manifests
  version: 7.7.20
- name: httpbin
  repository: https://conservis.github.io/helm-charts
  version: 1.1.0
- name: hello-world
  repository: https://conservis.github.io/helm-charts
  version: 1.1.0
digest: sha256:8c9f6bd10887985b021935e68bd2feeebd595516343c98a074daaa94d08b0208
generated: "2024-09-17T10:48:27.120127357Z"
